
Microsoft Visual Studio Solution File, Format Version 12.00
# Visual Studio Version 17
VisualStudioVersion = 17.11.35312.102
MinimumVisualStudioVersion = 10.0.40219.1
Project("{8BC9CEB8-8B4A-11D0-8D11-00A0C91BC942}") = "CalcProj", "CalcProj\CalcProj.vcxproj", "{B2F33A7A-7C6E-42B2-971D-6E8491AA56F0}"
EndProject
Global
	GlobalSection(SolutionConfigurationPlatforms) = preSolution
		Debug|x64 = Debug|x64
		Debug|x86 = Debug|x86
		Release|x64 = Release|x64
		Release|x86 = Release|x86
	EndGlobalSection
	GlobalSection(ProjectConfigurationPlatforms) = postSolution
		{B2F33A7A-7C6E-42B2-971D-6E8491AA56F0}.Debug|x64.ActiveCfg = Debug|x64
		{B2F33A7A-7C6E-42B2-971D-6E8491AA56F0}.Debug|x64.Build.0 = Debug|x64
		{B2F33A7A-7C6E-42B2-971D-6E8491AA56F0}.Debug|x86.ActiveCfg = Debug|Win32
		{B2F33A7A-7C6E-42B2-971D-6E8491AA56F0}.Debug|x86.Build.0 = Debug|Win32
		{B2F33A7A-7C6E-42B2-971D-6E8491AA56F0}.Release|x64.ActiveCfg = Release|x64
		{B2F33A7A-7C6E-42B2-971D-6E8491AA56F0}.Release|x64.Build.0 = Release|x64
		{B2F33A7A-7C6E-42B2-971D-6E8491AA56F0}.Release|x86.ActiveCfg = Release|Win32
		{B2F33A7A-7C6E-42B2-971D-6E8491AA56F0}.Release|x86.Build.0 = Release|Win32
	EndGlobalSection
	GlobalSection(SolutionProperties) = preSolution
		HideSolutionNode = FALSE
	EndGlobalSection
	GlobalSection(ExtensibilityGlobals) = postSolution
		SolutionGuid = {0E71C6B5-C303-449F-87CC-63E98EBB9435}
	EndGlobalSection
EndGlobal
